
Microsoft Visual Studio Solution File, Format Version 12.00
# Visual Studio Version 16
VisualStudioVersion = 16.0.31829.152
MinimumVisualStudioVersion = 10.0.40219.1
Project("{FAE04EC0-301F-11D3-BF4B-00C04F79EFBC}") = "Registry_GUI", "Registry_GUI\Registry_GUI.csproj", "{F3F5DDCB-1997-4707-834B-ED7AA0E63CCC}"
EndProject
Global
	GlobalSection(SolutionConfigurationPlatforms) = preSolution
		Debug|Any CPU = Debug|Any CPU
		Release|Any CPU = Release|Any CPU
	EndGlobalSection
	GlobalSection(ProjectConfigurationPlatforms) = postSolution
		{F3F5DDCB-1997-4707-834B-ED7AA0E63CCC}.Debug|Any CPU.ActiveCfg = Debug|Any CPU
		{F3F5DDCB-1997-4707-834B-ED7AA0E63CCC}.Debug|Any CPU.Build.0 = Debug|Any CPU
		{F3F5DDCB-1997-4707-834B-ED7AA0E63CCC}.Release|Any CPU.ActiveCfg = Release|Any CPU
		{F3F5DDCB-1997-4707-834B-ED7AA0E63CCC}.Release|Any CPU.Build.0 = Release|Any CPU
	EndGlobalSection
	GlobalSection(SolutionProperties) = preSolution
		HideSolutionNode = FALSE
	EndGlobalSection
	GlobalSection(ExtensibilityGlobals) = postSolution
		SolutionGuid = {47FD85D2-03D2-4AC0-978B-71D4ED2CBC12}
	EndGlobalSection
EndGlobal
